
Microsoft Visual Studio Solution File, Format Version 12.00
# Visual Studio Version 17
VisualStudioVersion = 17.8.34330.188
MinimumVisualStudioVersion = 10.0.40219.1
Project("{FAE04EC0-301F-11D3-BF4B-00C04F79EFBC}") = "Categories_Retry", "Categories_Retry\Categories_Retry.csproj", "{23C020F6-3174-418A-AF6C-513FB39A0CA4}"
EndProject
Global
	GlobalSection(SolutionConfigurationPlatforms) = preSolution
		Debug|Any CPU = Debug|Any CPU
		Release|Any CPU = Release|Any CPU
	EndGlobalSection
	GlobalSection(ProjectConfigurationPlatforms) = postSolution
		{23C020F6-3174-418A-AF6C-513FB39A0CA4}.Debug|Any CPU.ActiveCfg = Debug|Any CPU
		{23C020F6-3174-418A-AF6C-513FB39A0CA4}.Debug|Any CPU.Build.0 = Debug|Any CPU
		{23C020F6-3174-418A-AF6C-513FB39A0CA4}.Release|Any CPU.ActiveCfg = Release|Any CPU
		{23C020F6-3174-418A-AF6C-513FB39A0CA4}.Release|Any CPU.Build.0 = Release|Any CPU
	EndGlobalSection
	GlobalSection(SolutionProperties) = preSolution
		HideSolutionNode = FALSE
	EndGlobalSection
	GlobalSection(ExtensibilityGlobals) = postSolution
		SolutionGuid = {1B44365E-BBE3-4BA9-A076-123EF538B9EC}
	EndGlobalSection
EndGlobal
